
Microsoft Visual Studio Solution File, Format Version 12.00
# Visual Studio Version 16
VisualStudioVersion = 16.0.29009.5
MinimumVisualStudioVersion = 10.0.40219.1
Project("{FAE04EC0-301F-11D3-BF4B-00C04F79EFBC}") = "PaletteBuddy", "PaletteBuddy\PaletteBuddy.csproj", "{F7401020-58AB-4433-B130-39184AB9BD4D}"
EndProject
Global
	GlobalSection(SolutionConfigurationPlatforms) = preSolution
		Debug|Any CPU = Debug|Any CPU
		Release|Any CPU = Release|Any CPU
	EndGlobalSection
	GlobalSection(ProjectConfigurationPlatforms) = postSolution
		{F7401020-58AB-4433-B130-39184AB9BD4D}.Debug|Any CPU.ActiveCfg = Debug|Any CPU
		{F7401020-58AB-4433-B130-39184AB9BD4D}.Debug|Any CPU.Build.0 = Debug|Any CPU
		{F7401020-58AB-4433-B130-39184AB9BD4D}.Release|Any CPU.ActiveCfg = Release|Any CPU
		{F7401020-58AB-4433-B130-39184AB9BD4D}.Release|Any CPU.Build.0 = Release|Any CPU
	EndGlobalSection
	GlobalSection(SolutionProperties) = preSolution
		HideSolutionNode = FALSE
	EndGlobalSection
	GlobalSection(ExtensibilityGlobals) = postSolution
		SolutionGuid = {06074BCF-C746-4529-9DDD-39C6D584B2D7}
	EndGlobalSection
EndGlobal
